
Microsoft Visual Studio Solution File, Format Version 12.00
# Visual Studio Version 16
VisualStudioVersion = 16.0.29806.167
MinimumVisualStudioVersion = 10.0.40219.1
Project("{FAE04EC0-301F-11D3-BF4B-00C04F79EFBC}") = "Bunker", "Bunker\Bunker.csproj", "{64A29185-9118-4AAF-8900-A6CFA6C620EF}"
EndProject
Global
	GlobalSection(SolutionConfigurationPlatforms) = preSolution
		Debug|Any CPU = Debug|Any CPU
		Release|Any CPU = Release|Any CPU
	EndGlobalSection
	GlobalSection(ProjectConfigurationPlatforms) = postSolution
		{64A29185-9118-4AAF-8900-A6CFA6C620EF}.Debug|Any CPU.ActiveCfg = Debug|Any CPU
		{64A29185-9118-4AAF-8900-A6CFA6C620EF}.Debug|Any CPU.Build.0 = Debug|Any CPU
		{64A29185-9118-4AAF-8900-A6CFA6C620EF}.Release|Any CPU.ActiveCfg = Release|Any CPU
		{64A29185-9118-4AAF-8900-A6CFA6C620EF}.Release|Any CPU.Build.0 = Release|Any CPU
	EndGlobalSection
	GlobalSection(SolutionProperties) = preSolution
		HideSolutionNode = FALSE
	EndGlobalSection
	GlobalSection(ExtensibilityGlobals) = postSolution
		SolutionGuid = {36F3083A-FFD8-441C-86F9-683F0ADEBE44}
	EndGlobalSection
EndGlobal
